{
  "name": "viseoToolbox",
  "version": "0.0.1",
  "lockfileVersion": 1,
  "requires": true,
  "dependencies": {
    "generatorsnippets": {
      "version": "file:../generatorsnippets",
      "dev": true,
      "dependencies": {
        "assertion-error": {
          "version": "1.0.0",
          "bundled": true
        },
        "chai": {
          "version": "1.8.1",
          "bundled": true,
          "requires": {
            "assertion-error": "1.0.0",
            "deep-eql": "0.1.3"
          }
        },
        "chai-asserttype": {
          "version": "1.0.5",
          "bundled": true,
          "requires": {
            "check-types": "7.4.0"
          }
        },
        "check-types": {
          "version": "7.4.0",
          "bundled": true
        },
        "commander": {
          "version": "2.0.0",
          "bundled": true
        },
        "debug": {
          "version": "3.1.0",
          "bundled": true,
          "requires": {
            "ms": "2.0.0"
          }
        },
        "deep-eql": {
          "version": "0.1.3",
          "bundled": true,
          "requires": {
            "type-detect": "0.1.1"
          }
        },
        "diff": {
          "version": "1.0.7",
          "bundled": true
        },
        "glob": {
          "version": "3.2.3",
          "bundled": true,
          "requires": {
            "graceful-fs": "2.0.3",
            "inherits": "2.0.3",
            "minimatch": "0.2.14"
          }
        },
        "graceful-fs": {
          "version": "2.0.3",
          "bundled": true
        },
        "growl": {
          "version": "1.7.0",
          "bundled": true
        },
        "inherits": {
          "version": "2.0.3",
          "bundled": true
        },
        "jade": {
          "version": "0.26.3",
          "bundled": true,
          "requires": {
            "commander": "0.6.1",
            "mkdirp": "0.3.0"
          },
          "dependencies": {
            "commander": {
              "version": "0.6.1",
              "bundled": true
            },
            "mkdirp": {
              "version": "0.3.0",
              "bundled": true
            }
          }
        },
        "lru-cache": {
          "version": "2.7.3",
          "bundled": true
        },
        "minimatch": {
          "version": "0.2.14",
          "bundled": true,
          "requires": {
            "lru-cache": "2.7.3",
            "sigmund": "1.0.1"
          }
        },
        "mkdirp": {
          "version": "0.3.5",
          "bundled": true
        },
        "mocha": {
          "version": "1.16.2",
          "bundled": true,
          "requires": {
            "commander": "2.0.0",
            "debug": "3.1.0",
            "diff": "1.0.7",
            "glob": "3.2.3",
            "growl": "1.7.0",
            "jade": "0.26.3",
            "mkdirp": "0.3.5"
          }
        },
        "ms": {
          "version": "2.0.0",
          "bundled": true
        },
        "sigmund": {
          "version": "1.0.1",
          "bundled": true
        },
        "type-detect": {
          "version": "0.1.1",
          "bundled": true
        }
      }
    }
  }
}
