{
  "name": "viseotoolbox",
  "version": "0.0.1",
  "lockfileVersion": 1,
  "requires": true,
  "dependencies": {
    "generatorsnippets": {
      "version": "1.0.2",
      "resolved": "https://registry.npmjs.org/generatorsnippets/-/generatorsnippets-1.0.2.tgz",
      "integrity": "sha512-nBUMZjL04OLNsAmIVoJERM3azCoJP8IfgJqycdMb9qtguABjsG196t/PRjzdosY89uY/W8JEUm/Ei0u5knVxsg=="
    }
  }
}
